DEPENDENCIES
  zk-wrapper
    path: .
    metadata: true
  zookeeper
    git: https://github.com/SimpleFinance/chef-zookeeper
    revision: fa5d77067e2b931d8bd43ed20ce0decb66691a07
    tag: 2.4.3

GRAPH
  apt (2.5.3)
  build-essential (2.0.6)
  java (1.27.0)
  runit (1.5.10)
    build-essential (>= 0.0.0)
    yum (~> 3.0)
    yum-epel (>= 0.0.0)
  yum (3.2.4)
  yum-epel (0.4.0)
    yum (~> 3.0)
  zk-wrapper (0.1.0)
    apt (>= 0.0.0)
    java (>= 0.0.0)
    zookeeper (>= 0.0.0)
  zookeeper (2.4.3)
    build-essential (>= 2.0.2)
    java (>= 0.0.0)
    runit (>= 0.0.0)
